
Microsoft Visual Studio Solution File, Format Version 12.00
# Visual Studio 2012
Project("{FAE04EC0-301F-11D3-BF4B-00C04F79EFBC}") = "BeehiveStore", "BeehiveStore\BeehiveStore.csproj", "{712B2D67-CA64-4F99-920C-174EF9F472DB}"
EndProject
Project("{2150E333-8FDC-42A3-9474-1A3956D46DE8}") = "Solution Items", "Solution Items", "{DAC21484-70F6-493D-9CE8-7772D0C204F5}"
	ProjectSection(SolutionItems) = preProject
		README.md = README.md
	EndProjectSection
EndProject
Global
	GlobalSection(SolutionConfigurationPlatforms) = preSolution
		Debug|Any CPU = Debug|Any CPU
		Release|Any CPU = Release|Any CPU
	EndGlobalSection
	GlobalSection(ProjectConfigurationPlatforms) = postSolution
		{712B2D67-CA64-4F99-920C-174EF9F472DB}.Debug|Any CPU.ActiveCfg = Debug|Any CPU
		{712B2D67-CA64-4F99-920C-174EF9F472DB}.Debug|Any CPU.Build.0 = Debug|Any CPU
		{712B2D67-CA64-4F99-920C-174EF9F472DB}.Release|Any CPU.ActiveCfg = Release|Any CPU
		{712B2D67-CA64-4F99-920C-174EF9F472DB}.Release|Any CPU.Build.0 = Release|Any CPU
	EndGlobalSection
	GlobalSection(SolutionProperties) = preSolution
		HideSolutionNode = FALSE
	EndGlobalSection
EndGlobal
